{
  "name": "rooveui",
  "version": "1.0.0",
  "lockfileVersion": 3,
  "requires": true,
  "packages": {
    "": {
      "name": "rooveui",
      "version": "1.0.0",
      "license": "MIT",
      "dependencies": {
        "markdown-wasm": "^1.2.0"
      }
    },
    "node_modules/markdown-wasm": {
      "version": "1.2.0",
      "resolved": "https://registry.npmjs.org/markdown-wasm/-/markdown-wasm-1.2.0.tgz",
      "integrity": "sha512-S12OTkyXCkOgI1n1rZY9cg4bK/PGu80Emjpvwp8BEjwCxhPV3yddF0U6+QhCitdBsI1tzWcoeahmW7k0Pq81OA=="
    }
  }
}
